
Microsoft Visual Studio Solution File, Format Version 12.00
# Visual Studio 15
VisualStudioVersion = 15.0.28307.1340
MinimumVisualStudioVersion = 10.0.40219.1
Project("{FAE04EC0-301F-11D3-BF4B-00C04F79EFBC}") = "Student_Grading_Information_System", "Student_Grading_Information_System\Student_Grading_Information_System.csproj", "{2E10CDB8-C424-4024-8D3C-034B799F72A7}"
EndProject
Global
	GlobalSection(SolutionConfigurationPlatforms) = preSolution
		Debug|Any CPU = Debug|Any CPU
		Release|Any CPU = Release|Any CPU
	EndGlobalSection
	GlobalSection(ProjectConfigurationPlatforms) = postSolution
		{2E10CDB8-C424-4024-8D3C-034B799F72A7}.Debug|Any CPU.ActiveCfg = Debug|Any CPU
		{2E10CDB8-C424-4024-8D3C-034B799F72A7}.Debug|Any CPU.Build.0 = Debug|Any CPU
		{2E10CDB8-C424-4024-8D3C-034B799F72A7}.Release|Any CPU.ActiveCfg = Release|Any CPU
		{2E10CDB8-C424-4024-8D3C-034B799F72A7}.Release|Any CPU.Build.0 = Release|Any CPU
	EndGlobalSection
	GlobalSection(SolutionProperties) = preSolution
		HideSolutionNode = FALSE
	EndGlobalSection
	GlobalSection(ExtensibilityGlobals) = postSolution
		SolutionGuid = {38FB53A4-5E7A-4B1F-8954-B0E99FA81A0A}
	EndGlobalSection
EndGlobal
